
Microsoft Visual Studio Solution File, Format Version 12.00
# Visual Studio Version 17
VisualStudioVersion = 17.6.33829.357
MinimumVisualStudioVersion = 10.0.40219.1
Project("{FAE04EC0-301F-11D3-BF4B-00C04F79EFBC}") = "Snake", "Snake.csproj", "{C65CFA99-22BB-4F68-AE42-3E912925BCAD}"
EndProject
Global
	GlobalSection(SolutionConfigurationPlatforms) = preSolution
		Debug|Any CPU = Debug|Any CPU
		Release|Any CPU = Release|Any CPU
	EndGlobalSection
	GlobalSection(ProjectConfigurationPlatforms) = postSolution
		{C65CFA99-22BB-4F68-AE42-3E912925BCAD}.Debug|Any CPU.ActiveCfg = Debug|Any CPU
		{C65CFA99-22BB-4F68-AE42-3E912925BCAD}.Debug|Any CPU.Build.0 = Debug|Any CPU
		{C65CFA99-22BB-4F68-AE42-3E912925BCAD}.Release|Any CPU.ActiveCfg = Release|Any CPU
		{C65CFA99-22BB-4F68-AE42-3E912925BCAD}.Release|Any CPU.Build.0 = Release|Any CPU
	EndGlobalSection
	GlobalSection(SolutionProperties) = preSolution
		HideSolutionNode = FALSE
	EndGlobalSection
	GlobalSection(ExtensibilityGlobals) = postSolution
		SolutionGuid = {0AC4D317-5CE8-4830-A4E4-9DC95B5DC9B8}
	EndGlobalSection
EndGlobal
